// !$*UTF8*$!
{
	archiveVersion = 1;
	classes = {
	};
	objectVersion = 46;
	objects = {

/* Begin PBXBuildFile section */
		AAFD36B91CE8A79B00796DF7 /* AppDelegate.swift in Sources */ = {isa = PBXBuildFile; fileRef = AAFD36B81CE8A79B00796DF7 /* AppDelegate.swift */; };
		AAFD36BB1CE8A79B00796DF7 /* ViewController.swift in Sources */ = {isa = PBXBuildFile; fileRef = AAFD36BA1CE8A79B00796DF7 /* ViewController.swift */; };
		AAFD36BE1CE8A79B00796DF7 /* Main.storyboard in Resources */ = {isa = PBXBuildFile; fileRef = AAFD36BC1CE8A79B00796DF7 /* Main.storyboard */; };
		AAFD36C01CE8A79B00796DF7 /* Assets.xcassets in Resources */ = {isa = PBXBuildFile; fileRef = AAFD36BF1CE8A79B00796DF7 /* Assets.xcassets */; };
		AAFD36C31CE8A79B00796DF7 /* LaunchScreen.storyboard in Resources */ = {isa = PBXBuildFile; fileRef = AAFD36C11CE8A79B00796DF7 /* LaunchScreen.storyboard */; };
/* End PBXBuildFile section */

/* Begin PBXFileReference section */
		AAFD36B51CE8A79B00796DF7 /* TipCalculator.app */ = {isa = PBXFileReference; explicitFileType = wrapper.application; includeInIndex = 0; path = TipCalculator.app; sourceTree = BUILT_PRODUCTS_DIR; };
		AAFD36B81CE8A79B00796DF7 /* AppDelegate.swift */ = {isa = PBXFileReference; lastKnownFileType = sourcecode.swift; path = AppDelegate.swift; sourceTree = "<group>"; };
		AAFD36BA1CE8A79B00796DF7 /* ViewController.swift */ = {isa = PBXFileReference; lastKnownFileType = sourcecode.swift; path = ViewController.swift; sourceTree = "<group>"; };
		AAFD36BD1CE8A79B00796DF7 /* Base */ = {isa = PBXFileReference; lastKnownFileType = file.storyboard; name = Base; path = Base.lproj/Main.storyboard; sourceTree = "<group>"; };
		AAFD36BF1CE8A79B00796DF7 /* Assets.xcassets */ = {isa = PBXFileReference; lastKnownFileType = folder.assetcatalog; path = Assets.xcassets; sourceTree = "<group>"; };
		AAFD36C21CE8A79B00796DF7 /* Base */ = {isa = PBXFileReference; lastKnownFileType = file.storyboard; name = Base; path = Base.lproj/LaunchScreen.storyboard; sourceTree = "<group>"; };
		AAFD36C41CE8A79B00796DF7 /* Info.plist */ = {isa = PBXFileReference; lastKnownFileType = text.plist.xml; path = Info.plist; sourceTree = "<group>"; };
/* End PBXFileReference section */

/* Begin PBXFrameworksBuildPhase section */
		AAFD36B21CE8A79B00796DF7 /* Frameworks */ = {
			isa = PBXFrameworksBuildPhase;
			buildActionMask = 2147483647;
			files = (
			);
			runOnlyForDeploymentPostprocessing = 0;
		};
/* End PBXFrameworksBuildPhase section */

/* Begin PBXGroup section */
		AAFD36AC1CE8A79B00796DF7 = {
			isa = PBXGroup;
			children = (
				AAFD36B71CE8A79B00796DF7 /* TipCalculator */,
				AAFD36B61CE8A79B00796DF7 /* Products */,
			);
			sourceTree = "<group>";
		};
		AAFD36B61CE8A79B00796DF7 /* Products */ = {
			isa = PBXGroup;
			children = (
				AAFD36B51CE8A79B00796DF7 /* TipCalculator.app */,
			);
			name = Products;
			sourceTree = "<group>";
		};
		AAFD36B71CE8A79B00796DF7 /* TipCalculator */ = {
			isa = PBXGroup;
			children = (
				AAFD36B81CE8A79B00796DF7 /* AppDelegate.swift */,
				AAFD36BA1CE8A79B00796DF7 /* ViewController.swift */,
				AAFD36BC1CE8A79B00796DF7 /* Main.storyboard */,
				AAFD36BF1CE8A79B00796DF7 /* Assets.xcassets */,
				AAFD36C11CE8A79B00796DF7 /* LaunchScreen.storyboard */,
				AAFD36C41CE8A79B00796DF7 /* Info.plist */,
			);
			path = TipCalculator;
			sourceTree = "<group>";
		};
/* End PBXGroup section */

/* Begin PBXNativeTarget section */
		AAFD36B41CE8A79B00796DF7 /* TipCalculator */ = {
			isa = PBXNativeTarget;
			buildConfigurationList = AAFD36C71CE8A79B00796DF7 /* Build configuration list for PBXNativeTarget "TipCalculator" */;
			buildPhases = (
				AAFD36B11CE8A79B00796DF7 /* Sources */,
				AAFD36B21CE8A79B00796DF7 /* Frameworks */,
				AAFD36B31CE8A79B00796DF7 /* Resources */,
			);
			buildRules = (
			);
			dependencies = (
			);
			name = TipCalculator;
			productName = TipCalculator;
			productReference = AAFD36B51CE8A79B00796DF7 /* TipCalculator.app */;
			productType = "com.apple.product-type.application";
		};
/* End PBXNativeTarget section */

/* Begin PBXProject section */
		AAFD36AD1CE8A79B00796DF7 /* Project object */ = {
			isa = PBXProject;
			attributes = {
				LastSwiftUpdateCheck = 0730;
				LastUpgradeCheck = 0730;
				ORGANIZATIONNAME = trieulieuf9;
				TargetAttributes = {
					AAFD36B41CE8A79B00796DF7 = {
						CreatedOnToolsVersion = 7.3.1;
					};
				};
			};
			buildConfigurationList = AAFD36B01CE8A79B00796DF7 /* Build configuration list for PBXProject "TipCalculator" */;
			compatibilityVersion = "Xcode 3.2";
			developmentRegion = English;
			hasScannedForEncodings = 0;
			knownRegions = (
				en,
				Base,
			);
			mainGroup = AAFD36AC1CE8A79B00796DF7;
			productRefGroup = AAFD36B61CE8A79B00796DF7 /* Products */;
			projectDirPath = "";
			projectRoot = "";
			targets = (
				AAFD36B41CE8A79B00796DF7 /* TipCalculator */,
			);
		};
/* End PBXProject section */

/* Begin PBXResourcesBuildPhase section */
		AAFD36B31CE8A79B00796DF7 /* Resources */ = {
			isa = PBXResourcesBuildPhase;
			buildActionMask = 2147483647;
			files = (
				AAFD36C31CE8A79B00796DF7 /* LaunchScreen.storyboard in Resources */,
				AAFD36C01CE8A79B00796DF7 /* Assets.xcassets in Resources */,
				AAFD36BE1CE8A79B00796DF7 /* Main.storyboard in Resources */,
			);
			runOnlyForDeploymentPostprocessing = 0;
		};
/* End PBXResourcesBuildPhase section */

/* Begin PBXSourcesBuildPhase section */
		AAFD36B11CE8A79B00796DF7 /* Sources */ = {
			isa = PBXSourcesBuildPhase;
			buildActionMask = 2147483647;
			files = (
				AAFD36BB1CE8A79B00796DF7 /* ViewController.swift in Sources */,
				AAFD36B91CE8A79B00796DF7 /* AppDelegate.swift in Sources */,
			);
			runOnlyForDeploymentPostprocessing = 0;
		};
/* End PBXSourcesBuildPhase section */

/* Begin PBXVariantGroup section */
		AAFD36BC1CE8A79B00796DF7 /* Main.storyboard */ = {
			isa = PBXVariantGroup;
			children = (
				AAFD36BD1CE8A79B00796DF7 /* Base */,
			);
			name = Main.storyboard;
			sourceTree = "<group>";
		};
		AAFD36C11CE8A79B00796DF7 /* LaunchScreen.storyboard */ = {
			isa = PBXVariantGroup;
			children = (
				AAFD36C21CE8A79B00796DF7 /* Base */,
			);
			name = LaunchScreen.storyboard;
			sourceTree = "<group>";
		};
/* End PBXVariantGroup section */

/* Begin XCBuildConfiguration section */
		AAFD36C51CE8A79B00796DF7 /* Debug */ = {
			isa = XCBuildConfiguration;
			buildSettings = {
				ALWAYS_SEARCH_USER_PATHS = NO;
				CLANG_ANALYZER_NONNULL = YES;
				CLANG_CXX_LANGUAGE_STANDARD = "gnu++0x";
				CLANG_CXX_LIBRARY = "libc++";
				CLANG_ENABLE_MODULES = YES;
				CLANG_ENABLE_OBJC_ARC = YES;
				CLANG_WARN_BOOL_CONVERSION = YES;
				CLANG_WARN_CONSTANT_CONVERSION = YES;
				CLANG_WARN_DIRECT_OBJC_ISA_USAGE = YES_ERROR;
				CLANG_WARN_EMPTY_BODY = YES;
				CLANG_WARN_ENUM_CONVERSION = YES;
				CLANG_WARN_INT_CONVERSION = YES;
				CLANG_WARN_OBJC_ROOT_CLASS = YES_ERROR;
				CLANG_WARN_UNREACHABLE_CODE = YES;
				CLANG_WARN__DUPLICATE_METHOD_MATCH = YES;
				"CODE_SIGN_IDENTITY[sdk=iphoneos*]" = "iPhone Developer";
				COPY_PHASE_STRIP = NO;
				DEBUG_INFORMATION_FORMAT = dwarf;
				ENABLE_STRICT_OBJC_MSGSEND = YES;
				ENABLE_TESTABILITY = YES;
				GCC_C_LANGUAGE_STANDARD = gnu99;
				GCC_DYNAMIC_NO_PIC = NO;
				GCC_NO_COMMON_BLOCKS = YES;
				GCC_OPTIMIZATION_LEVEL = 0;
				GCC_PREPROCESSOR_DEFINITIONS = (
					"DEBUG=1",
					"$(inherited)",
				);
				GCC_WARN_64_TO_32_BIT_CONVERSION = YES;
				GCC_WARN_ABOUT_RETURN_TYPE = YES_ERROR;
				GCC_WARN_UNDECLARED_SELECTOR = YES;
				GCC_WARN_UNINITIALIZED_AUTOS = YES_AGGRESSIVE;
				GCC_WARN_UNUSED_FUNCTION = YES;
				GCC_WARN_UNUSED_VARIABLE = YES;
				IPHONEOS_DEPLOYMENT_TARGET = 9.3;
				MTL_ENABLE_DEBUG_INFO = YES;
				ONLY_ACTIVE_ARCH = YES;
				SDKROOT = iphoneos;
				SWIFT_OPTIMIZATION_LEVEL = "-Onone";
			};
			name = Debug;
		};
		AAFD36C61CE8A79B00796DF7 /* Release */ = {
			isa = XCBuildConfiguration;
			buildSettings = {
				ALWAYS_SEARCH_USER_PATHS = NO;
				CLANG_ANALYZER_NONNULL = YES;
				CLANG_CXX_LANGUAGE_STANDARD = "gnu++0x";
				CLANG_CXX_LIBRARY = "libc++";
				CLANG_ENABLE_MODULES = YES;
				CLANG_ENABLE_OBJC_ARC = YES;
				CLANG_WARN_BOOL_CONVERSION = YES;
				CLANG_WARN_CONSTANT_CONVERSION = YES;
				CLANG_WARN_DIRECT_OBJC_ISA_USAGE = YES_ERROR;
				CLANG_WARN_EMPTY_BODY = YES;
				CLANG_WARN_ENUM_CONVERSION = YES;
				CLANG_WARN_INT_CONVERSION = YES;
				CLANG_WARN_OBJC_ROOT_CLASS = YES_ERROR;
				CLANG_WARN_UNREACHABLE_CODE = YES;
				CLANG_WARN__DUPLICATE_METHOD_MATCH = YES;
				"CODE_SIGN_IDENTITY[sdk=iphoneos*]" = "iPhone Developer";
				COPY_PHASE_STRIP = NO;
				DEBUG_INFORMATION_FORMAT = "dwarf-with-dsym";
				ENABLE_NS_ASSERTIONS = NO;
				ENABLE_STRICT_OBJC_MSGSEND = YES;
				GCC_C_LANGUAGE_STANDARD = gnu99;
				GCC_NO_COMMON_BLOCKS = YES;
				GCC_WARN_64_TO_32_BIT_CONVERSION = YES;
				GCC_WARN_ABOUT_RETURN_TYPE = YES_ERROR;
				GCC_WARN_UNDECLARED_SELECTOR = YES;
				GCC_WARN_UNINITIALIZED_AUTOS = YES_AGGRESSIVE;
				GCC_WARN_UNUSED_FUNCTION = YES;
				GCC_WARN_UNUSED_VARIABLE = YES;
				IPHONEOS_DEPLOYMENT_TARGET = 9.3;
				MTL_ENABLE_DEBUG_INFO = NO;
				SDKROOT = iphoneos;
				VALIDATE_PRODUCT = YES;
			};
			name = Release;
		};
		AAFD36C81CE8A79B00796DF7 /* Debug */ = {
			isa = XCBuildConfiguration;
			buildSettings = {
				ASSETCATALOG_COMPILER_APPICON_NAME = AppIcon;
				INFOPLIST_FILE = TipCalculator/Info.plist;
				LD_RUNPATH_SEARCH_PATHS = "$(inherited) @executable_path/Frameworks";
				PRODUCT_BUNDLE_IDENTIFIER = Whatever.TipCalculator;
				PRODUCT_NAME = "$(TARGET_NAME)";
			};
			name = Debug;
		};
		AAFD36C91CE8A79B00796DF7 /* Release */ = {
			isa = XCBuildConfiguration;
			buildSettings = {
				ASSETCATALOG_COMPILER_APPICON_NAME = AppIcon;
				INFOPLIST_FILE = TipCalculator/Info.plist;
				LD_RUNPATH_SEARCH_PATHS = "$(inherited) @executable_path/Frameworks";
				PRODUCT_BUNDLE_IDENTIFIER = Whatever.TipCalculator;
				PRODUCT_NAME = "$(TARGET_NAME)";
			};
			name = Release;
		};
/* End XCBuildConfiguration section */

/* Begin XCConfigurationList section */
		AAFD36B01CE8A79B00796DF7 /* Build configuration list for PBXProject "TipCalculator" */ = {
			isa = XCConfigurationList;
			buildConfigurations = (
				AAFD36C51CE8A79B00796DF7 /* Debug */,
				AAFD36C61CE8A79B00796DF7 /* Release */,
			);
			defaultConfigurationIsVisible = 0;
			defaultConfigurationName = Release;
		};
		AAFD36C71CE8A79B00796DF7 /* Build configuration list for PBXNativeTarget "TipCalculator" */ = {
			isa = XCConfigurationList;
			buildConfigurations = (
				AAFD36C81CE8A79B00796DF7 /* Debug */,
				AAFD36C91CE8A79B00796DF7 /* Release */,
			);
			defaultConfigurationIsVisible = 0;
		};
/* End XCConfigurationList section */
	};
	rootObject = AAFD36AD1CE8A79B00796DF7 /* Project object */;
}
